
Microsoft Visual Studio Solution File, Format Version 12.00
# Visual Studio Version 17
VisualStudioVersion = 17.4.32804.182
MinimumVisualStudioVersion = 10.0.40219.1
Project("{FAE04EC0-301F-11D3-BF4B-00C04F79EFBC}") = "Matdross.Gui", "Matdross.Gui\Matdross.Gui.csproj", "{3A56EB08-2720-44C4-97D7-C9FED3600CD0}"
EndProject
Global
	GlobalSection(SolutionConfigurationPlatforms) = preSolution
		Debug|Any CPU = Debug|Any CPU
		Release|Any CPU = Release|Any CPU
	EndGlobalSection
	GlobalSection(ProjectConfigurationPlatforms) = postSolution
		{3A56EB08-2720-44C4-97D7-C9FED3600CD0}.Debug|Any CPU.ActiveCfg = Debug|Any CPU
		{3A56EB08-2720-44C4-97D7-C9FED3600CD0}.Debug|Any CPU.Build.0 = Debug|Any CPU
		{3A56EB08-2720-44C4-97D7-C9FED3600CD0}.Release|Any CPU.ActiveCfg = Release|Any CPU
		{3A56EB08-2720-44C4-97D7-C9FED3600CD0}.Release|Any CPU.Build.0 = Release|Any CPU
	EndGlobalSection
	GlobalSection(SolutionProperties) = preSolution
		HideSolutionNode = FALSE
	EndGlobalSection
	GlobalSection(ExtensibilityGlobals) = postSolution
		SolutionGuid = {A28C8249-E4B9-4C07-9D6C-B5F28C0B57F0}
	EndGlobalSection
EndGlobal
